
Microsoft Visual Studio Solution File, Format Version 12.00
# Visual Studio Version 17
VisualStudioVersion = 17.4.33213.308
MinimumVisualStudioVersion = 10.0.40219.1
Project("{9A19103F-16F7-4668-BE54-9A1E7A4F7556}") = "ContaBancaria", "ContaBancaria\ContaBancaria.csproj", "{3EF3E836-4433-4F3A-8708-A826E4093722}"
EndProject
Project("{9A19103F-16F7-4668-BE54-9A1E7A4F7556}") = "ContaBancariaTeste", "ContaBancariaTeste\ContaBancariaTeste.csproj", "{9EAC137F-8407-40E3-BB73-1F24B92B3327}"
EndProject
Project("{FAE04EC0-301F-11D3-BF4B-00C04F79EFBC}") = "ContaBancariaTeste.Mock", "ContaBancariaTeste.Mock\ContaBancariaTeste.Mock.csproj", "{30B74663-A209-42D7-859A-5EDE936D8296}"
EndProject
Global
	GlobalSection(SolutionConfigurationPlatforms) = preSolution
		Debug|Any CPU = Debug|Any CPU
		Release|Any CPU = Release|Any CPU
	EndGlobalSection
	GlobalSection(ProjectConfigurationPlatforms) = postSolution
		{3EF3E836-4433-4F3A-8708-A826E4093722}.Debug|Any CPU.ActiveCfg = Debug|Any CPU
		{3EF3E836-4433-4F3A-8708-A826E4093722}.Debug|Any CPU.Build.0 = Debug|Any CPU
		{3EF3E836-4433-4F3A-8708-A826E4093722}.Release|Any CPU.ActiveCfg = Release|Any CPU
		{3EF3E836-4433-4F3A-8708-A826E4093722}.Release|Any CPU.Build.0 = Release|Any CPU
		{9EAC137F-8407-40E3-BB73-1F24B92B3327}.Debug|Any CPU.ActiveCfg = Debug|Any CPU
		{9EAC137F-8407-40E3-BB73-1F24B92B3327}.Debug|Any CPU.Build.0 = Debug|Any CPU
		{9EAC137F-8407-40E3-BB73-1F24B92B3327}.Release|Any CPU.ActiveCfg = Release|Any CPU
		{9EAC137F-8407-40E3-BB73-1F24B92B3327}.Release|Any CPU.Build.0 = Release|Any CPU
		{30B74663-A209-42D7-859A-5EDE936D8296}.Debug|Any CPU.ActiveCfg = Debug|Any CPU
		{30B74663-A209-42D7-859A-5EDE936D8296}.Debug|Any CPU.Build.0 = Debug|Any CPU
		{30B74663-A209-42D7-859A-5EDE936D8296}.Release|Any CPU.ActiveCfg = Release|Any CPU
		{30B74663-A209-42D7-859A-5EDE936D8296}.Release|Any CPU.Build.0 = Release|Any CPU
	EndGlobalSection
	GlobalSection(SolutionProperties) = preSolution
		HideSolutionNode = FALSE
	EndGlobalSection
	GlobalSection(ExtensibilityGlobals) = postSolution
		SolutionGuid = {AEC1E390-D742-48E8-BD6F-9A7E9B49553C}
	EndGlobalSection
EndGlobal
